
Microsoft Visual Studio Solution File, Format Version 12.00
# Visual Studio 15
VisualStudioVersion = 15.0.27428.2005
MinimumVisualStudioVersion = 10.0.40219.1
Project("{9A19103F-16F7-4668-BE54-9A1E7A4F7556}") = "MongoDBWebAPI", "MongoDBWebAPI\MongoDBWebAPI.csproj", "{9D766B07-8461-43A4-BFFD-773BDFC4316C}"
EndProject
Global
	GlobalSection(SolutionConfigurationPlatforms) = preSolution
		Debug|Any CPU = Debug|Any CPU
		Release|Any CPU = Release|Any CPU
	EndGlobalSection
	GlobalSection(ProjectConfigurationPlatforms) = postSolution
		{9D766B07-8461-43A4-BFFD-773BDFC4316C}.Debug|Any CPU.ActiveCfg = Debug|Any CPU
		{9D766B07-8461-43A4-BFFD-773BDFC4316C}.Debug|Any CPU.Build.0 = Debug|Any CPU
		{9D766B07-8461-43A4-BFFD-773BDFC4316C}.Release|Any CPU.ActiveCfg = Release|Any CPU
		{9D766B07-8461-43A4-BFFD-773BDFC4316C}.Release|Any CPU.Build.0 = Release|Any CPU
	EndGlobalSection
	GlobalSection(SolutionProperties) = preSolution
		HideSolutionNode = FALSE
	EndGlobalSection
	GlobalSection(ExtensibilityGlobals) = postSolution
		SolutionGuid = {6B8D93DC-5B4B-4228-9FC1-01B42CAF846E}
	EndGlobalSection
EndGlobal
